<?xml version="1.0" encoding="utf-8"?>
<Project ToolsVersion="4.0" xmlns="http://schemas.microsoft.com/developer/msbuild/2003">
  <ItemGroup>
    <Filter Include="原始程式檔">
      <UniqueIdentifier>{4FC737F1-C7A5-4376-A066-2A32D752A2FF}</UniqueIdentifier>
      <Extensions>cpp;c;cc;cxx;def;odl;idl;hpj;bat;asm;asmx</Extensions>
    </Filter>
    <Filter Include="標頭檔">
      <UniqueIdentifier>{93995380-89BD-4b04-88EB-625FBE52EBFB}</UniqueIdentifier>
      <Extensions>h;hpp;hxx;hm;inl;inc;xsd</Extensions>
    </Filter>
    <Filter Include="資源檔">
      <UniqueIdentifier>{67DA6AB6-F800-4c08-8B7A-83BB121AAD01}</UniqueIdentifier>
      <Extensions>rc;ico;cur;bmp;dlg;rc2;rct;bin;rgs;gif;jpg;jpeg;jpe;resx;tiff;tif;png;wav;mfcribbon-ms</Extensions>
    </Filter>
  </ItemGroup>
  <ItemGroup>
    <None Include="ReadMe.txt" />
    <None Include="app.ico">
      <Filter>資源檔</Filter>
    </None>
  </ItemGroup>
  <ItemGroup>
    <ClCompile Include="MYSQL_Example.cpp">
      <Filter>原始程式檔</Filter>
    </ClCompile>
    <ClCompile Include="AssemblyInfo.cpp">
      <Filter>原始程式檔</Filter>
    </ClCompile>
    <ClCompile Include="stdafx.cpp">
      <Filter>原始程式檔</Filter>
    </ClCompile>
    <ClCompile Include="customer.cpp">
      <Filter>原始程式檔</Filter>
    </ClCompile>
    <ClCompile Include="commodity.cpp">
      <Filter>原始程式檔</Filter>
    </ClCompile>
    <ClCompile Include="food.cpp">
      <Filter>原始程式檔</Filter>
    </ClCompile>
    <ClCompile Include="drink.cpp">
      <Filter>原始程式檔</Filter>
    </ClCompile>
    <ClCompile Include="book.cpp">
      <Filter>原始程式檔</Filter>
    </ClCompile>
    <ClCompile Include="daily_necessities.cpp">
      <Filter>原始程式檔</Filter>
    </ClCompile>
    <ClCompile Include="store_commodities.cpp">
      <Filter>原始程式檔</Filter>
    </ClCompile>
    <ClCompile Include="store.cpp">
      <Filter>原始程式檔</Filter>
    </ClCompile>
    <ClCompile Include="staff.cpp">
      <Filter>原始程式檔</Filter>
    </ClCompile>
    <ClCompile Include="search_commodities.cpp">
      <Filter>原始程式檔</Filter>
    </ClCompile>
  </ItemGroup>
  <ItemGroup>
    <ClInclude Include="Form1.h">
      <Filter>標頭檔</Filter>
    </ClInclude>
    <ClInclude Include="stdafx.h">
      <Filter>標頭檔</Filter>
    </ClInclude>
    <ClInclude Include="resource.h">
      <Filter>標頭檔</Filter>
    </ClInclude>
    <ClInclude Include="customer.h">
      <Filter>標頭檔</Filter>
    </ClInclude>
    <ClInclude Include="commodity.h">
      <Filter>標頭檔</Filter>
    </ClInclude>
    <ClInclude Include="food.h">
      <Filter>標頭檔</Filter>
    </ClInclude>
    <ClInclude Include="drink.h">
      <Filter>標頭檔</Filter>
    </ClInclude>
    <ClInclude Include="book.h">
      <Filter>標頭檔</Filter>
    </ClInclude>
    <ClInclude Include="daily_necessities.h">
      <Filter>標頭檔</Filter>
    </ClInclude>
    <ClInclude Include="store_commodities.h">
      <Filter>標頭檔</Filter>
    </ClInclude>
    <ClInclude Include="store.h">
      <Filter>標頭檔</Filter>
    </ClInclude>
    <ClInclude Include="staff.h">
      <Filter>標頭檔</Filter>
    </ClInclude>
    <ClInclude Include="search_commodities.h">
      <Filter>標頭檔</Filter>
    </ClInclude>
  </ItemGroup>
  <ItemGroup>
    <ResourceCompile Include="app.rc">
      <Filter>資源檔</Filter>
    </ResourceCompile>
  </ItemGroup>
  <ItemGroup>
    <EmbeddedResource Include="Form1.resX">
      <Filter>資源檔</Filter>
    </EmbeddedResource>
    <EmbeddedResource Include="store.resx">
      <Filter>資源檔</Filter>
    </EmbeddedResource>
    <EmbeddedResource Include="staff.resx">
      <Filter>資源檔</Filter>
    </EmbeddedResource>
    <EmbeddedResource Include="store_commodities.resx">
      <Filter>資源檔</Filter>
    </EmbeddedResource>
  </ItemGroup>
</Project>